Microsoft Visual Studio Solution File, Format Version 12.00
# Visual Studio Version 17
VisualStudioVersion = 17.5.2.0
MinimumVisualStudioVersion = 10.0.40219.1
Project("{FAE04EC0-301F-11D3-BF4B-00C04F79EFBC}") = "csharp-interview", "csharp-interview.csproj", "{21DA565A-811F-9D0E-79E9-45DCE71FD36F}"
EndProject
Global
	GlobalSection(SolutionConfigurationPlatforms) = preSolution
		Debug|Any CPU = Debug|Any CPU
		Release|Any CPU = Release|Any CPU
	EndGlobalSection
	GlobalSection(ProjectConfigurationPlatforms) = postSolution
		{21DA565A-811F-9D0E-79E9-45DCE71FD36F}.Debug|Any CPU.ActiveCfg = Debug|Any CPU
		{21DA565A-811F-9D0E-79E9-45DCE71FD36F}.Debug|Any CPU.Build.0 = Debug|Any CPU
		{21DA565A-811F-9D0E-79E9-45DCE71FD36F}.Release|Any CPU.ActiveCfg = Release|Any CPU
		{21DA565A-811F-9D0E-79E9-45DCE71FD36F}.Release|Any CPU.Build.0 = Release|Any CPU
	EndGlobalSection
	GlobalSection(SolutionProperties) = preSolution
		HideSolutionNode = FALSE
	EndGlobalSection
	GlobalSection(ExtensibilityGlobals) = postSolution
		SolutionGuid = {60433B2F-78F0-464B-8C1E-65B6B502FF43}
	EndGlobalSection
EndGlobal
